
Microsoft Visual Studio Solution File, Format Version 12.00
Project("{FAE04EC0-301F-11D3-BF4B-00C04F79EFBC}") = "UniversityCRUD", "UniversityCRUD\UniversityCRUD.csproj", "{B8769519-8B43-49CE-B64B-7E92393E145B}"
EndProject
Global
	GlobalSection(SolutionConfigurationPlatforms) = preSolution
		Debug|Any CPU = Debug|Any CPU
		Release|Any CPU = Release|Any CPU
	EndGlobalSection
	GlobalSection(ProjectConfigurationPlatforms) = postSolution
		{B8769519-8B43-49CE-B64B-7E92393E145B}.Debug|Any CPU.ActiveCfg = Debug|Any CPU
		{B8769519-8B43-49CE-B64B-7E92393E145B}.Debug|Any CPU.Build.0 = Debug|Any CPU
		{B8769519-8B43-49CE-B64B-7E92393E145B}.Release|Any CPU.ActiveCfg = Release|Any CPU
		{B8769519-8B43-49CE-B64B-7E92393E145B}.Release|Any CPU.Build.0 = Release|Any CPU
	EndGlobalSection
EndGlobal
